
Microsoft Visual Studio Solution File, Format Version 12.00
# Visual Studio 15
VisualStudioVersion = 15.0.28307.1259
MinimumVisualStudioVersion = 10.0.40219.1
Project("{FAE04EC0-301F-11D3-BF4B-00C04F79EFBC}") = "RentalKendaraan_038", "RentalKendaraan_038\RentalKendaraan_038.csproj", "{84767782-C0D9-43AA-BD50-89DAC42E6D33}"
EndProject
Global
	GlobalSection(SolutionConfigurationPlatforms) = preSolution
		Debug|Any CPU = Debug|Any CPU
		Release|Any CPU = Release|Any CPU
	EndGlobalSection
	GlobalSection(ProjectConfigurationPlatforms) = postSolution
		{84767782-C0D9-43AA-BD50-89DAC42E6D33}.Debug|Any CPU.ActiveCfg = Debug|Any CPU
		{84767782-C0D9-43AA-BD50-89DAC42E6D33}.Debug|Any CPU.Build.0 = Debug|Any CPU
		{84767782-C0D9-43AA-BD50-89DAC42E6D33}.Release|Any CPU.ActiveCfg = Release|Any CPU
		{84767782-C0D9-43AA-BD50-89DAC42E6D33}.Release|Any CPU.Build.0 = Release|Any CPU
	EndGlobalSection
	GlobalSection(SolutionProperties) = preSolution
		HideSolutionNode = FALSE
	EndGlobalSection
	GlobalSection(ExtensibilityGlobals) = postSolution
		SolutionGuid = {1E12CF6F-AB1A-47A1-9E0D-3ACC5D30C6B0}
	EndGlobalSection
EndGlobal
